# THIS IS AN AUTOGENERATED FILE. DO NOT EDIT THIS FILE DIRECTLY.
# yarn lockfile v1


"@league-of-foundry-developers/foundry-vtt-types@^0.7.9-6":
  version "0.7.9-6"
  resolved "https://registry.yarnpkg.com/@league-of-foundry-developers/foundry-vtt-types/-/foundry-vtt-types-0.7.9-6.tgz#02db5044c8cfb377052e054514732dfe542a8f8a"
  integrity sha512-NdLNuzLGTCU8fA94JLUiOHrAMlE8NOa2YA2wc+Q27ljf+ZFPxjhwnp80e8uUryQI4CNb+O0ldPpTXnSAz7AAKA==
  dependencies:
    "@types/howler" "2.2.1"
    "@types/jquery" "3.5.1"
    "@types/socket.io-client" "^1.4.33"
    handlebars "4.7.6"
    pixi-particles "^4.3.0"
    pixi.js "5.3.4"
    tinymce "5.6.2"
    typescript "^4.1.4"

"@pixi/accessibility@5.3.4":
  version "5.3.4"
  resolved "https://registry.yarnpkg.com/@pixi/accessibility/-/accessibility-5.3.4.tgz#248f2ff0fd24056f0254470a91187728f60b5e8d"
  integrity sha512-g8hQnnVSYJ+gLrdQyCsDDSu+VehhVL9Pcr2fkQSC9VBhxiMIN+Paky8kOxC2LL5nsKRIUGGaTa6iHtiopPQQMw==
  dependencies:
    "@pixi/core" "5.3.4"
    "@pixi/display" "5.3.4"
    "@pixi/utils" "5.3.4"

"@pixi/app@5.3.4":
  version "5.3.4"
  resolved "https://registry.yarnpkg.com/@pixi/app/-/app-5.3.4.tgz#a2f51c1ea0607db64eee8b7667dbb908f0ecc8ae"
  integrity sha512-XT/EFyGslFdvdHY9ZS7yDAdLOj0U1UHeLxFr1kwiawuwIt/WsxNeH4jq2IijvZuQ3L5ON7Y7zQf54JEPv5fK0Q==
  dependencies:
    "@pixi/core" "5.3.4"
    "@pixi/display" "5.3.4"

"@pixi/constants@5.3.4":
  version "5.3.4"
  resolved "https://registry.yarnpkg.com/@pixi/constants/-/constants-5.3.4.tgz#87630db2c3e2c9b20fddf38096087f2850b06628"
  integrity sha512-YsWjdMVMoJA8kG/0D4s9/DWWa2lPlexk0qNZOcV3tICaPG0IYfIhepfveMeMhIb0QrdSAsPbhYdcaxxgoaNF1A==

"@pixi/core@5.3.4":
  version "5.3.4"
  resolved "https://registry.yarnpkg.com/@pixi/core/-/core-5.3.4.tgz#ebc2151f8bf11ccc9010aeb24a96ebab5e0bbdbc"
  integrity sha512-k6SRniy4pH7ZKAKC2HkbLSKPm+j7bF17fTO5+6xLSiVqLnfa7ChV51wNuoa30olVF3/d8ME2uraf7dsvXwomzw==
  dependencies:
    "@pixi/constants" "5.3.4"
    "@pixi/math" "5.3.4"
    "@pixi/runner" "5.3.4"
    "@pixi/settings" "5.3.4"
    "@pixi/ticker" "5.3.4"
    "@pixi/utils" "5.3.4"

"@pixi/display@5.3.4":
  version "5.3.4"
  resolved "https://registry.yarnpkg.com/@pixi/display/-/display-5.3.4.tgz#6a0e00a4b448f4cd3c68256dc2f4bf2689d77655"
  integrity sha512-RCi39Qi1L8mlIu1YvWvPI45WpKHRbpYlvSIT/414wmoaAoFZnaJ+qoVuqDCfzfNhWWirGAWpXniQjNRzkUZjcA==
  dependencies:
    "@pixi/math" "5.3.4"
    "@pixi/settings" "5.3.4"
    "@pixi/utils" "5.3.4"

"@pixi/extract@5.3.4":
  version "5.3.4"
  resolved "https://registry.yarnpkg.com/@pixi/extract/-/extract-5.3.4.tgz#8c11704b1152dd6470c21d7d0ed6064820d49d47"
  integrity sha512-HTGF5WKts4kF0v1rOU4YcLMUpb18FzcxKhaCwjXpqm3vANgjuGAUL9PxpmC4ecS03mkRa0+9vAXEUkJLQeNLPg==
  dependencies:
    "@pixi/core" "5.3.4"
    "@pixi/math" "5.3.4"
    "@pixi/utils" "5.3.4"

"@pixi/filter-alpha@5.3.4":
  version "5.3.4"
  resolved "https://registry.yarnpkg.com/@pixi/filter-alpha/-/filter-alpha-5.3.4.tgz#1503c11f123f3a0994d6a626741197267d6093e0"
  integrity sha512-lgRCN8bDeHlMpRtQv/P5gCJ+9e3AufJVC2H0TdkCRmJqm1dB+rhKwxIeNINsjjz+kiuumOe88CxRbRd3CpEydg==
  dependencies:
    "@pixi/core" "5.3.4"

"@pixi/filter-blur@5.3.4":
  version "5.3.4"
  resolved "https://registry.yarnpkg.com/@pixi/filter-blur/-/filter-blur-5.3.4.tgz#78377b3dd20d34545087b152be1c5f0948128720"
  integrity sha512-PYPHc8MEsZWfmVQkm0UKO70dmZpcWyu/Bs0xJa5apsmCm6zXNzXfMh02lsXu82HrNQ+9iJT/mAKrrDABGn9vtg==
  dependencies:
    "@pixi/core" "5.3.4"
    "@pixi/settings" "5.3.4"

"@pixi/filter-color-matrix@5.3.4":
  version "5.3.4"
  resolved "https://registry.yarnpkg.com/@pixi/filter-color-matrix/-/filter-color-matrix-5.3.4.tgz#d558413af89ca0435031c5f021430cbafb1ae5ca"
  integrity sha512-9Iflvr1moc7ns5A/73lWVwLUbe+wb678NLA4X9SYXAJTiij4M1isDrULhk95TGUaWo4bbSBaov1vm8XbUZNG8w==
  dependencies:
    "@pixi/core" "5.3.4"

"@pixi/filter-displacement@5.3.4":
  version "5.3.4"
  resolved "https://registry.yarnpkg.com/@pixi/filter-displacement/-/filter-displacement-5.3.4.tgz#1132d54e1ec9fb3a05e86e6dd2f4251587fb128d"
  integrity sha512-CldemXpcKr1GRT1Ll33TTFWtU6KDl4sYTvAwWTAEu8OhKedobBB/mRCIK9p1h7iZYtaj5MRYQjewmFKRrqyXrQ==
  dependencies:
    "@pixi/core" "5.3.4"
    "@pixi/math" "5.3.4"

"@pixi/filter-fxaa@5.3.4":
  version "5.3.4"
  resolved "https://registry.yarnpkg.com/@pixi/filter-fxaa/-/filter-fxaa-5.3.4.tgz#57518b9b82037af588e9a857998d2526fd96bc71"
  integrity sha512-GtIfaOsqQlsK+F1795V/JJIq5Uu15nasiCwGr+wVwHNGMBanAXt7AnSy8JHcgup3Eqx8FXRuM/AyD/4IYUquuA==
  dependencies:
    "@pixi/core" "5.3.4"

"@pixi/filter-noise@5.3.4":
  version "5.3.4"
  resolved "https://registry.yarnpkg.com/@pixi/filter-noise/-/filter-noise-5.3.4.tgz#15e3a4f77eb24741f99bb0dad197d375e77cecb4"
  integrity sha512-pNq4T4LC2naWz0pZXF3RT9aA7XdLL4TuBjJsYrrBaJZraupbOo6Mp8VwxVJs8GThmMl7/U13GalOzVSb/HjzDg==
  dependencies:
    "@pixi/core" "5.3.4"

"@pixi/graphics@5.3.4":
  version "5.3.4"
  resolved "https://registry.yarnpkg.com/@pixi/graphics/-/graphics-5.3.4.tgz#e0944e1310509bcb23f4067c83a6ac55945cb1e2"
  integrity sha512-W6cuFfzwgfx3zVFICu98cENgwjy+d2e6xNJ/yJI0q8QiwlZmpuSXHBCfZrtIWpp9VSJZe2KDIo1LUnLhCpp3Yg==
  dependencies:
    "@pixi/constants" "5.3.4"
    "@pixi/core" "5.3.4"
    "@pixi/display" "5.3.4"
    "@pixi/math" "5.3.4"
    "@pixi/sprite" "5.3.4"
    "@pixi/utils" "5.3.4"

"@pixi/interaction@5.3.4":
  version "5.3.4"
  resolved "https://registry.yarnpkg.com/@pixi/interaction/-/interaction-5.3.4.tgz#9d382206444c0c75a684c7ae1fc9c1d38ac59632"
  integrity sha512-7/JN7AtCuYmmWczrQROKSI9Z42p6C6p7B2wDVqNYYgROSaeGbGsZ8H0sa6nYLnIj4F3CaGSRoRnAMPz+CO70bw==
  dependencies:
    "@pixi/core" "5.3.4"
    "@pixi/display" "5.3.4"
    "@pixi/math" "5.3.4"
    "@pixi/ticker" "5.3.4"
    "@pixi/utils" "5.3.4"

"@pixi/loaders@5.3.4":
  version "5.3.4"
  resolved "https://registry.yarnpkg.com/@pixi/loaders/-/loaders-5.3.4.tgz#22e872a965f0f7ab43a6e4766f656b07e569752f"
  integrity sha512-/dFznZnsivzq/MW7n/PPhMeznWFMMDYrac958OlxzSwrEAgtq6ZVLZbz7pCf9uhiifMnqwBGefphOFubj3Qorw==
  dependencies:
    "@pixi/core" "5.3.4"
    "@pixi/utils" "5.3.4"
    resource-loader "^3.0.1"

"@pixi/math@5.3.4":
  version "5.3.4"
  resolved "https://registry.yarnpkg.com/@pixi/math/-/math-5.3.4.tgz#cd2163a2184a46a7c87e9b10c7948c6a075cec4f"
  integrity sha512-UQ2jhdlCHIvAVf8EcHB3QuR5GhB49VdTccWmer96RZCeGkcZsPSUk1ldO1GZnIctcf0Iuvmq74G02dYbtC7JxQ==

"@pixi/mesh-extras@5.3.4":
  version "5.3.4"
  resolved "https://registry.yarnpkg.com/@pixi/mesh-extras/-/mesh-extras-5.3.4.tgz#2370e458611d82c8ce4d68adaf6383f01f8f5720"
  integrity sha512-mjc3RlgLGYUv2FUKrVv/Dfaj2KW5qhX9c6Ev+yJ4lg/sMblet5gtYuyKsmJMS/K6B8V8+oMlTfX9ozFCzq1oJQ==
  dependencies:
    "@pixi/constants" "5.3.4"
    "@pixi/core" "5.3.4"
    "@pixi/math" "5.3.4"
    "@pixi/mesh" "5.3.4"
    "@pixi/utils" "5.3.4"

"@pixi/mesh@5.3.4":
  version "5.3.4"
  resolved "https://registry.yarnpkg.com/@pixi/mesh/-/mesh-5.3.4.tgz#3b1ce4c6686e6524bf0fd920d568a3175826c82b"
  integrity sha512-y0Y52cwsqETc/35DMGVCzQmhPCrQ3ZhjWcW9JwQoHMy3PoNSN9QUqYjVjF2oEj5hxcJnGNo3GAXFZz2Uh/UReQ==
  dependencies:
    "@pixi/constants" "5.3.4"
    "@pixi/core" "5.3.4"
    "@pixi/display" "5.3.4"
    "@pixi/math" "5.3.4"
    "@pixi/settings" "5.3.4"
    "@pixi/utils" "5.3.4"

"@pixi/mixin-cache-as-bitmap@5.3.4":
  version "5.3.4"
  resolved "https://registry.yarnpkg.com/@pixi/mixin-cache-as-bitmap/-/mixin-cache-as-bitmap-5.3.4.tgz#5cdbc578e69d43cfc6677ca12b945789b50168a5"
  integrity sha512-8ZAmzDK1fHXIzYFHFH72LUMRZerY1Pt71XI3UgsWExABS1aREe20oPLuVByLP94W7X/kTXz+zK+nt51O5MGKsA==
  dependencies:
    "@pixi/core" "5.3.4"
    "@pixi/display" "5.3.4"
    "@pixi/math" "5.3.4"
    "@pixi/settings" "5.3.4"
    "@pixi/sprite" "5.3.4"
    "@pixi/utils" "5.3.4"

"@pixi/mixin-get-child-by-name@5.3.4":
  version "5.3.4"
  resolved "https://registry.yarnpkg.com/@pixi/mixin-get-child-by-name/-/mixin-get-child-by-name-5.3.4.tgz#ab64fb820adb76a287ea70c3b26f8353dc48d2f0"
  integrity sha512-PY1Qe6CKYu+UNSRAFIfRyhRfkrpsTMwh9sI6iXVVi712bM3JkZIwDfDF31TA4nYX8z7H49w+KCWY4PejZ8l2WA==
  dependencies:
    "@pixi/display" "5.3.4"

"@pixi/mixin-get-global-position@5.3.4":
  version "5.3.4"
  resolved "https://registry.yarnpkg.com/@pixi/mixin-get-global-position/-/mixin-get-global-position-5.3.4.tgz#632a7249132b466b32c274252452f4565e0ee80c"
  integrity sha512-yv+huwUAOfyXDEHbQp6W5/3RjQpwG6AhpgMY4b3XBMtvrp9R/5Wgw/YC/nea9kZ3Gb2u4Aqeco8U+tPIRNjeIA==
  dependencies:
    "@pixi/display" "5.3.4"
    "@pixi/math" "5.3.4"

"@pixi/particles@5.3.4":
  version "5.3.4"
  resolved "https://registry.yarnpkg.com/@pixi/particles/-/particles-5.3.4.tgz#587159fe8fcda63687d34868f7e6aaa08fe447bd"
  integrity sha512-sX0BGGbS7yCwlam1mC5awW2BjU7QFmZv82E8ON/r9aAZS6InT25zOpMdvy0ImIIqBvF0Z1Qz1IT6pKEBxqMo9Q==
  dependencies:
    "@pixi/constants" "5.3.4"
    "@pixi/core" "5.3.4"
    "@pixi/display" "5.3.4"
    "@pixi/math" "5.3.4"
    "@pixi/utils" "5.3.4"

"@pixi/polyfill@5.3.4":
  version "5.3.4"
  resolved "https://registry.yarnpkg.com/@pixi/polyfill/-/polyfill-5.3.4.tgz#e3fc385f06f2a488c616ab6c1c764368c2f8cdb6"
  integrity sha512-bxk8bhrfQ9Y2rU/L0ss2gIeXwmMlOciw+B5yVUDVLqzjE4y8Fm2619L4qu9v51Z9a+8JbyVE5c1eT7HJgx0g0w==
  dependencies:
    es6-promise-polyfill "^1.2.0"
    object-assign "^4.1.1"

"@pixi/prepare@5.3.4":
  version "5.3.4"
  resolved "https://registry.yarnpkg.com/@pixi/prepare/-/prepare-5.3.4.tgz#1a96c8dad399c0a0d12c9d7ee5dee44413a0d3dc"
  integrity sha512-MVMvNTrNYQidWXd4LSkgv+eqTzHtSViADA+Tvnemy9QMuWqbTfxFn4UMhrBjQIfG9+hwdIFS14pfFKt/BLHNrw==
  dependencies:
    "@pixi/core" "5.3.4"
    "@pixi/display" "5.3.4"
    "@pixi/graphics" "5.3.4"
    "@pixi/settings" "5.3.4"
    "@pixi/text" "5.3.4"
    "@pixi/ticker" "5.3.4"

"@pixi/runner@5.3.4":
  version "5.3.4"
  resolved "https://registry.yarnpkg.com/@pixi/runner/-/runner-5.3.4.tgz#e08040b1fc983357b57ab314590880d80369a916"
  integrity sha512-iPWHVhv2js+NhDQNmePkHfic8SilBT7H/pzRjMqHqvafTdl8Y+4g+hdQDalZJNr3Ixl77QPAYlOKhegBujn2mQ==

"@pixi/settings@5.3.4":
  version "5.3.4"
  resolved "https://registry.yarnpkg.com/@pixi/settings/-/settings-5.3.4.tgz#55b659591f98e6d7f4e436ad923c2355a23ef6d8"
  integrity sha512-Jqj1NLtYODCqK8ZKVccUBAaBDkn7SQ6b7N15FwxbiSgfbvwpynSKr6WQTxqMq29h42MKsic6BJcQrlGEbDNz5w==
  dependencies:
    ismobilejs "^1.1.0"

"@pixi/sprite-animated@5.3.4":
  version "5.3.4"
  resolved "https://registry.yarnpkg.com/@pixi/sprite-animated/-/sprite-animated-5.3.4.tgz#253cadc4faae59a01fcd7f98e4e1143a3c288b67"
  integrity sha512-HaTelbvm2xekw9b9GdYbupM2RZ/muRZvstkmSqMZhiIViZekzKPa5WQJwnqZzVBjCg735j09G8aF4H2NpNqF9g==
  dependencies:
    "@pixi/core" "5.3.4"
    "@pixi/sprite" "5.3.4"
    "@pixi/ticker" "5.3.4"

"@pixi/sprite-tiling@5.3.4":
  version "5.3.4"
  resolved "https://registry.yarnpkg.com/@pixi/sprite-tiling/-/sprite-tiling-5.3.4.tgz#ca71f24d0f62b752145051b534a4c1060b40c516"
  integrity sha512-NMqpNuWEIic2n5EL/TrGmn1+bab4TwxcILnco4myvw9Sd/wLsaJx3XboegY7YCWCKhnl+Ax6cl8DMkk7OJkpJQ==
  dependencies:
    "@pixi/constants" "5.3.4"
    "@pixi/core" "5.3.4"
    "@pixi/display" "5.3.4"
    "@pixi/math" "5.3.4"
    "@pixi/sprite" "5.3.4"
    "@pixi/utils" "5.3.4"

"@pixi/sprite@5.3.4":
  version "5.3.4"
  resolved "https://registry.yarnpkg.com/@pixi/sprite/-/sprite-5.3.4.tgz#c2f128b304b0dfa25bf34f613985c8ce570ca674"
  integrity sha512-vO+GMJWnumnVzc2R7jGcLlUeIXIek+SDqVQyPDPJ5T8sWTgFhanHCrgpKfplZIu08X/zvIZQxPfd332R0waeog==
  dependencies:
    "@pixi/constants" "5.3.4"
    "@pixi/core" "5.3.4"
    "@pixi/display" "5.3.4"
    "@pixi/math" "5.3.4"
    "@pixi/settings" "5.3.4"
    "@pixi/utils" "5.3.4"

"@pixi/spritesheet@5.3.4":
  version "5.3.4"
  resolved "https://registry.yarnpkg.com/@pixi/spritesheet/-/spritesheet-5.3.4.tgz#23b059c154be61aaab1259628693038c7faff8e2"
  integrity sha512-gfCqOMD2XJHw1bMXxXbuYPnBbCBUvbzMN7Pw2po7U5R6bsk7WEoG7Hp3HjAPyPQvg36v2Db6dcz0//ZNNqm+EQ==
  dependencies:
    "@pixi/core" "5.3.4"
    "@pixi/loaders" "5.3.4"
    "@pixi/math" "5.3.4"
    "@pixi/utils" "5.3.4"

"@pixi/text-bitmap@5.3.4":
  version "5.3.4"
  resolved "https://registry.yarnpkg.com/@pixi/text-bitmap/-/text-bitmap-5.3.4.tgz#f7ec6704df85ba912001e79714581c10bbfb4982"
  integrity sha512-uNJOYvy3sn0S5Bp6H113ZAmaQm68ojCXSuOBJzIMEV2cUuYLngW+7DqKOsHMMhNmcONs/OBq57SRrzDcr8WYdw==
  dependencies:
    "@pixi/core" "5.3.4"
    "@pixi/display" "5.3.4"
    "@pixi/loaders" "5.3.4"
    "@pixi/math" "5.3.4"
    "@pixi/mesh" "5.3.4"
    "@pixi/settings" "5.3.4"
    "@pixi/text" "5.3.4"
    "@pixi/utils" "5.3.4"

"@pixi/text@5.3.4":
  version "5.3.4"
  resolved "https://registry.yarnpkg.com/@pixi/text/-/text-5.3.4.tgz#c620faaf0b9fe3cded5cb33a17115bd90d2efd00"
  integrity sha512-kmdK1KLrWY8PHGIIXKVRQmik3gWquiYz6DB0jqabi3j0gVp6h+CVDje01N6Nl75ZCQ/PjaWafzQvURypfX73ng==
  dependencies:
    "@pixi/core" "5.3.4"
    "@pixi/math" "5.3.4"
    "@pixi/settings" "5.3.4"
    "@pixi/sprite" "5.3.4"
    "@pixi/utils" "5.3.4"

"@pixi/ticker@5.3.4":
  version "5.3.4"
  resolved "https://registry.yarnpkg.com/@pixi/ticker/-/ticker-5.3.4.tgz#24600d6f9c721c48554812aa187b968bb0c2a3b9"
  integrity sha512-PmCAstgyI6vLPXKZVFlo4Zornry21BwFiTOp1dBUW3sIMky9Wx2fajjyVHIridCY6yaazt6Xu37khZf5qRgASw==
  dependencies:
    "@pixi/settings" "5.3.4"

"@pixi/utils@5.3.4":
  version "5.3.4"
  resolved "https://registry.yarnpkg.com/@pixi/utils/-/utils-5.3.4.tgz#62e9a7ea59de7e4a4b108568de92a1c64026e816"
  integrity sha512-HjUWFfAmPPKX0BSq20GWY//Vm+gC9O+wcn9sXMqOItCuf0DDFwxoBrUVaHNNnEVhM1Djpz/+YijCijmGdZeddA==
  dependencies:
    "@pixi/constants" "5.3.4"
    "@pixi/settings" "5.3.4"
    earcut "^2.1.5"
    eventemitter3 "^3.1.0"
    url "^0.11.0"

"@types/howler@2.2.1":
  version "2.2.1"
  resolved "https://registry.yarnpkg.com/@types/howler/-/howler-2.2.1.tgz#c95314724a8e970b1b29a731861975f39987b9ca"
  integrity sha512-1MiSldngr+eAO4lDPtjzl4Nf2GmRh8VDHIpNBIkyd25L22JExVlI6w3fjSM7+FNc1e1WZAPNq7/flkw685byfg==

"@types/jquery@3.5.1":
  version "3.5.1"
  resolved "https://registry.yarnpkg.com/@types/jquery/-/jquery-3.5.1.tgz#cebb057acf5071c40e439f30e840c57a30d406c3"
  integrity sha512-Tyctjh56U7eX2b9udu3wG853ASYP0uagChJcQJXLUXEU6C/JiW5qt5dl8ao01VRj1i5pgXPAf8f1mq4+FDLRQg==
  dependencies:
    "@types/sizzle" "*"

"@types/prop-types@*":
  version "15.7.4"
  resolved "https://registry.yarnpkg.com/@types/prop-types/-/prop-types-15.7.4.tgz#fcf7205c25dff795ee79af1e30da2c9790808f11"
  integrity sha512-rZ5drC/jWjrArrS8BR6SIr4cWpW09RNTYt9AMZo3Jwwif+iacXAqgVjm0B0Bv/S1jhDXKHqRVNCbACkJ89RAnQ==

"@types/react-dom@^17.0.9":
  version "17.0.9"
  resolved "https://registry.yarnpkg.com/@types/react-dom/-/react-dom-17.0.9.tgz#441a981da9d7be117042e1a6fd3dac4b30f55add"
  integrity sha512-wIvGxLfgpVDSAMH5utdL9Ngm5Owu0VsGmldro3ORLXV8CShrL8awVj06NuEXFQ5xyaYfdca7Sgbk/50Ri1GdPg==
  dependencies:
    "@types/react" "*"

"@types/react@*", "@types/react@^17.0.19":
  version "17.0.19"
  resolved "https://registry.yarnpkg.com/@types/react/-/react-17.0.19.tgz#8f2a85e8180a43b57966b237d26a29481dacc991"
  integrity sha512-sX1HisdB1/ZESixMTGnMxH9TDe8Sk709734fEQZzCV/4lSu9kJCPbo2PbTRoZM+53Pp0P10hYVyReUueGwUi4A==
  dependencies:
    "@types/prop-types" "*"
    "@types/scheduler" "*"
    csstype "^3.0.2"

"@types/scheduler@*":
  version "0.16.2"
  resolved "https://registry.yarnpkg.com/@types/scheduler/-/scheduler-0.16.2.tgz#1a62f89525723dde24ba1b01b092bf5df8ad4d39"
  integrity sha512-hppQEBDmlwhFAXKJX2KnWLYu5yMfi91yazPb2l+lbJiwW+wdo1gNeRA+3RgNSO39WYX2euey41KEwnqesU2Jew==

"@types/sizzle@*":
  version "2.3.3"
  resolved "https://registry.yarnpkg.com/@types/sizzle/-/sizzle-2.3.3.tgz#ff5e2f1902969d305225a047c8a0fd5c915cebef"
  integrity sha512-JYM8x9EGF163bEyhdJBpR2QX1R5naCJHC8ucJylJ3w9/CVBaskdQ8WqBf8MmQrd1kRvp/a4TS8HJ+bxzR7ZJYQ==

"@types/socket.io-client@^1.4.33":
  version "1.4.36"
  resolved "https://registry.yarnpkg.com/@types/socket.io-client/-/socket.io-client-1.4.36.tgz#e4f1ca065f84c20939e9850e70222202bd76ff3f"
  integrity sha512-ZJWjtFBeBy1kRSYpVbeGYTElf6BqPQUkXDlHHD4k/42byCN5Rh027f4yARHCink9sKAkbtGZXEAmR0ZCnc2/Ag==

ansi-regex@^5.0.0:
  version "5.0.0"
  resolved "https://registry.yarnpkg.com/ansi-regex/-/ansi-regex-5.0.0.tgz#388539f55179bf39339c81af30a654d69f87cb75"
  integrity sha512-bY6fj56OUQ0hU1KjFNDQuJFezqKdrAyFdIevADiqrWHwSlbmBNMHp5ak2f40Pm8JTFyM2mqxkG6ngkHO11f/lg==

ansi-styles@^4.0.0:
  version "4.3.0"
  resolved "https://registry.yarnpkg.com/ansi-styles/-/ansi-styles-4.3.0.tgz#edd803628ae71c04c85ae7a0906edad34b648937"
  integrity sha512-zbB9rCJAT1rbjiVDb2hqKFHNYLxgtk8NURxZ3IZwD3F6NtxbXZQCnnSi1Lkx+IDohdPlFp222wVALIheZJQSEg==
  dependencies:
    color-convert "^2.0.1"

balanced-match@^1.0.0:
  version "1.0.2"
  resolved "https://registry.yarnpkg.com/balanced-match/-/balanced-match-1.0.2.tgz#e83e3a7e3f300b34cb9d87f615fa0cbf357690ee"
  integrity sha512-3oSeUO0TMV67hN1AmbXsK4yaqU7tjiHlbxRDZOpH0KW9+CeX4bRAaX0Anxt0tx2MrpRpWwQaPwIlISEJhYU5Pw==

brace-expansion@^1.1.7:
  version "1.1.11"
  resolved "https://registry.yarnpkg.com/brace-expansion/-/brace-expansion-1.1.11.tgz#3c7fcbf529d87226f3d2f52b966ff5271eb441dd"
  integrity sha512-iCuPHDFgrHX7H2vEI/5xpz07zSHB00TpugqhmYtVmMO6518mCuRMoOYFldEBl0g187ufozdaHgWKcYFb61qGiA==
  dependencies:
    balanced-match "^1.0.0"
    concat-map "0.0.1"

cliui@^7.0.2:
  version "7.0.4"
  resolved "https://registry.yarnpkg.com/cliui/-/cliui-7.0.4.tgz#a0265ee655476fc807aea9df3df8df7783808b4f"
  integrity sha512-OcRE68cOsVMXp1Yvonl/fzkQOyjLSu/8bhPDfQt0e0/Eb283TKP20Fs2MqoPsr9SwA595rRCA+QMzYc9nBP+JQ==
  dependencies:
    string-width "^4.2.0"
    strip-ansi "^6.0.0"
    wrap-ansi "^7.0.0"

color-convert@^2.0.1:
  version "2.0.1"
  resolved "https://registry.yarnpkg.com/color-convert/-/color-convert-2.0.1.tgz#72d3a68d598c9bdb3af2ad1e84f21d896abd4de3"
  integrity sha512-RRECPsj7iu/xb5oKYcsFHSppFNnsj/52OVTRKb4zP5onXwVF3zVmmToNcOfGC+CRDpfK/U584fMg38ZHCaElKQ==
  dependencies:
    color-name "~1.1.4"

color-name@~1.1.4:
  version "1.1.4"
  resolved "https://registry.yarnpkg.com/color-name/-/color-name-1.1.4.tgz#c2a09a87acbde69543de6f63fa3995c826c536a2"
  integrity sha512-dOy+3AuW3a2wNbZHIuMZpTcgjGuLU/uBL/ubcZF9OXbDo8ff4O8yVp5Bf0efS8uEoYo5q4Fx7dY9OgQGXgAsQA==

concat-map@0.0.1:
  version "0.0.1"
  resolved "https://registry.yarnpkg.com/concat-map/-/concat-map-0.0.1.tgz#d8a96bd77fd68df7793a73036a3ba0d5405d477b"
  integrity sha1-2Klr13/Wjfd5OnMDajug1UBdR3s=

copyfiles@^2.4.1:
  version "2.4.1"
  resolved "https://registry.yarnpkg.com/copyfiles/-/copyfiles-2.4.1.tgz#d2dcff60aaad1015f09d0b66e7f0f1c5cd3c5da5"
  integrity sha512-fereAvAvxDrQDOXybk3Qu3dPbOoKoysFMWtkY3mv5BsL8//OSZVL5DCLYqgRfY5cWirgRzlC+WSrxp6Bo3eNZg==
  dependencies:
    glob "^7.0.5"
    minimatch "^3.0.3"
    mkdirp "^1.0.4"
    noms "0.0.0"
    through2 "^2.0.1"
    untildify "^4.0.0"
    yargs "^16.1.0"

core-util-is@~1.0.0:
  version "1.0.3"
  resolved "https://registry.yarnpkg.com/core-util-is/-/core-util-is-1.0.3.tgz#a6042d3634c2b27e9328f837b965fac83808db85"
  integrity sha512-ZQBvi1DcpJ4GDqanjucZ2Hj3wEO5pZDS89BWbkcrvdxksJorwUDDZamX9ldFkp9aw2lmBDLgkObEA4DWNJ9FYQ==

csstype@^3.0.2:
  version "3.0.8"
  resolved "https://registry.yarnpkg.com/csstype/-/csstype-3.0.8.tgz#d2266a792729fb227cd216fb572f43728e1ad340"
  integrity sha512-jXKhWqXPmlUeoQnF/EhTtTl4C9SnrxSH/jZUih3jmO6lBKr99rP3/+FmrMj4EFpOXzMtXHAZkd3x0E6h6Fgflw==

earcut@^2.1.5:
  version "2.2.3"
  resolved "https://registry.yarnpkg.com/earcut/-/earcut-2.2.3.tgz#d44ced2ff5a18859568e327dd9c7d46b16f55cf4"
  integrity sha512-iRDI1QeCQIhMCZk48DRDMVgQSSBDmbzzNhnxIo+pwx3swkfjMh6vh0nWLq1NdvGHLKH6wIrAM3vQWeTj6qeoug==

emoji-regex@^8.0.0:
  version "8.0.0"
  resolved "https://registry.yarnpkg.com/emoji-regex/-/emoji-regex-8.0.0.tgz#e818fd69ce5ccfcb404594f842963bf53164cc37"
  integrity sha512-MSjYzcWNOA0ewAHpz0MxpYFvwg6yjy1NG3xteoqz644VCo/RPgnr1/GGt+ic3iJTzQ8Eu3TdM14SawnVUmGE6A==

es6-promise-polyfill@^1.2.0:
  version "1.2.0"
  resolved "https://registry.yarnpkg.com/es6-promise-polyfill/-/es6-promise-polyfill-1.2.0.tgz#f38925f23cb3e3e8ce6cda8ff774fcebbb090cde"
  integrity sha1-84kl8jyz4+jObNqP93T867sJDN4=

esbuild-plugin-external-global@^1.0.1:
  version "1.0.1"
  resolved "https://registry.yarnpkg.com/esbuild-plugin-external-global/-/esbuild-plugin-external-global-1.0.1.tgz#e3bba0e3a561f61b395bec0984a90ed0de06c4ce"
  integrity sha512-NDzYHRoShpvLqNcrgV8ZQh61sMIFAry5KLTQV83BPG5iTXCCu7h72SCfJ97bW0GqtuqDD/1aqLbKinI/rNgUsg==

esbuild@^0.12.25:
  version "0.12.25"
  resolved "https://registry.yarnpkg.com/esbuild/-/esbuild-0.12.25.tgz#c2131cef022cf9fe94aaa5e00110b27fc976221a"
  integrity sha512-woie0PosbRSoN8gQytrdCzUbS2ByKgO8nD1xCZkEup3D9q92miCze4PqEI9TZDYAuwn6CruEnQpJxgTRWdooAg==

escalade@^3.1.1:
  version "3.1.1"
  resolved "https://registry.yarnpkg.com/escalade/-/escalade-3.1.1.tgz#d8cfdc7000965c5a0174b4a82eaa5c0552742e40"
  integrity sha512-k0er2gUkLf8O0zKJiAhmkTnJlTvINGv7ygDNPbeIsX/TJjGJZHuh9B2UxbsaEkmlEo9MfhrSzmhIlhRlI2GXnw==

eventemitter3@^3.1.0:
  version "3.1.2"
  resolved "https://registry.yarnpkg.com/eventemitter3/-/eventemitter3-3.1.2.tgz#2d3d48f9c346698fce83a85d7d664e98535df6e7"
  integrity sha512-tvtQIeLVHjDkJYnzf2dgVMxfuSGJeM/7UCG17TT4EumTfNtF+0nebF/4zWOIkCreAbtNqhGEboB6BWrwqNaw4Q==

fs.realpath@^1.0.0:
  version "1.0.0"
  resolved "https://registry.yarnpkg.com/fs.realpath/-/fs.realpath-1.0.0.tgz#1504ad2523158caa40db4a2787cb01411994ea4f"
  integrity sha1-FQStJSMVjKpA20onh8sBQRmU6k8=

get-caller-file@^2.0.5:
  version "2.0.5"
  resolved "https://registry.yarnpkg.com/get-caller-file/-/get-caller-file-2.0.5.tgz#4f94412a82db32f36e3b0b9741f8a97feb031f7e"
  integrity sha512-DyFP3BM/3YHTQOCUL/w0OZHR0lpKeGrxotcHWcqNEdnltqFwXVfhEBQ94eIo34AfQpo0rGki4cyIiftY06h2Fg==

glob@^7.0.5:
  version "7.1.7"
  resolved "https://registry.yarnpkg.com/glob/-/glob-7.1.7.tgz#3b193e9233f01d42d0b3f78294bbeeb418f94a90"
  integrity sha512-OvD9ENzPLbegENnYP5UUfJIirTg4+XwMWGaQfQTY0JenxNvvIKP3U3/tAQSPIu/lHxXYSZmpXlUHeqAIdKzBLQ==
  dependencies:
    fs.realpath "^1.0.0"
    inflight "^1.0.4"
    inherits "2"
    minimatch "^3.0.4"
    once "^1.3.0"
    path-is-absolute "^1.0.0"

handlebars@4.7.6:
  version "4.7.6"
  resolved "https://registry.yarnpkg.com/handlebars/-/handlebars-4.7.6.tgz#d4c05c1baf90e9945f77aa68a7a219aa4a7df74e"
  integrity sha512-1f2BACcBfiwAfStCKZNrUCgqNZkGsAT7UM3kkYtXuLo0KnaVfjKOyf7PRzB6++aK9STyT1Pd2ZCPe3EGOXleXA==
  dependencies:
    minimist "^1.2.5"
    neo-async "^2.6.0"
    source-map "^0.6.1"
    wordwrap "^1.0.0"
  optionalDependencies:
    uglify-js "^3.1.4"

inflight@^1.0.4:
  version "1.0.6"
  resolved "https://registry.yarnpkg.com/inflight/-/inflight-1.0.6.tgz#49bd6331d7d02d0c09bc910a1075ba8165b56df9"
  integrity sha1-Sb1jMdfQLQwJvJEKEHW6gWW1bfk=
  dependencies:
    once "^1.3.0"
    wrappy "1"

inherits@2, inherits@^2.0.1, inherits@~2.0.1, inherits@~2.0.3:
  version "2.0.4"
  resolved "https://registry.yarnpkg.com/inherits/-/inherits-2.0.4.tgz#0fa2c64f932917c3433a0ded55363aae37416b7c"
  integrity sha512-k/vGaX4/Yla3WzyMCvTQOXYeIHvqOKtnqBduzTHpzpQZzAskKMhZ2K+EnBiSM9zGSoIFeMpXKxa4dYeZIQqewQ==

is-fullwidth-code-point@^3.0.0:
  version "3.0.0"
  resolved "https://registry.yarnpkg.com/is-fullwidth-code-point/-/is-fullwidth-code-point-3.0.0.tgz#f116f8064fe90b3f7844a38997c0b75051269f1d"
  integrity sha512-zymm5+u+sCsSWyD9qNaejV3DFvhCKclKdizYaJUuHA83RLjb7nSuGnddCHGv0hk+KY7BMAlsWeK4Ueg6EV6XQg==

isarray@0.0.1:
  version "0.0.1"
  resolved "https://registry.yarnpkg.com/isarray/-/isarray-0.0.1.tgz#8a18acfca9a8f4177e09abfc6038939b05d1eedf"
  integrity sha1-ihis/Kmo9Bd+Cav8YDiTmwXR7t8=

isarray@~1.0.0:
  version "1.0.0"
  resolved "https://registry.yarnpkg.com/isarray/-/isarray-1.0.0.tgz#bb935d48582cba168c06834957a54a3e07124f11"
  integrity sha1-u5NdSFgsuhaMBoNJV6VKPgcSTxE=

ismobilejs@^1.1.0:
  version "1.1.1"
  resolved "https://registry.yarnpkg.com/ismobilejs/-/ismobilejs-1.1.1.tgz#c56ca0ae8e52b24ca0f22ba5ef3215a2ddbbaa0e"
  integrity sha512-VaFW53yt8QO61k2WJui0dHf4SlL8lxBofUuUmwBo0ljPk0Drz2TiuDW4jo3wDcv41qy/SxrJ+VAzJ/qYqsmzRw==

"js-tokens@^3.0.0 || ^4.0.0":
  version "4.0.0"
  resolved "https://registry.yarnpkg.com/js-tokens/-/js-tokens-4.0.0.tgz#19203fb59991df98e3a287050d4647cdeaf32499"
  integrity sha512-RdJUflcE3cUzKiMqQgsCu06FPu9UdIJO0beYbPhHN4k6apgJtifcoCtT9bcxOpYBtpD2kCM6Sbzg4CausW/PKQ==

loose-envify@^1.1.0:
  version "1.4.0"
  resolved "https://registry.yarnpkg.com/loose-envify/-/loose-envify-1.4.0.tgz#71ee51fa7be4caec1a63839f7e682d8132d30caf"
  integrity sha512-lyuxPGr/Wfhrlem2CL/UcnUc1zcqKAImBDzukY7Y5F/yQiNdko6+fRLevlw1HgMySw7f611UIY408EtxRSoK3Q==
  dependencies:
    js-tokens "^3.0.0 || ^4.0.0"

mini-signals@^1.2.0:
  version "1.2.0"
  resolved "https://registry.yarnpkg.com/mini-signals/-/mini-signals-1.2.0.tgz#45b08013c5fae51a24aa1a935cd317c9ed721d74"
  integrity sha1-RbCAE8X65RokqhqTXNMXye1yHXQ=

minimatch@^3.0.3, minimatch@^3.0.4:
  version "3.0.4"
  resolved "https://registry.yarnpkg.com/minimatch/-/minimatch-3.0.4.tgz#5166e286457f03306064be5497e8dbb0c3d32083"
  integrity sha512-yJHVQEhyqPLUTgt9B83PXu6W3rx4MvvHvSUvToogpwoGDOUQ+yDrR0HRot+yOCdCO7u4hX3pWft6kWBBcqh0UA==
  dependencies:
    brace-expansion "^1.1.7"

minimist@^1.2.5:
  version "1.2.5"
  resolved "https://registry.yarnpkg.com/minimist/-/minimist-1.2.5.tgz#67d66014b66a6a8aaa0c083c5fd58df4e4e97602"
  integrity sha512-FM9nNUYrRBAELZQT3xeZQ7fmMOBg6nWNmJKTcgsJeaLstP/UODVpGsr5OhXhhXg6f+qtJ8uiZ+PUxkDWcgIXLw==

mkdirp@^1.0.4:
  version "1.0.4"
  resolved "https://registry.yarnpkg.com/mkdirp/-/mkdirp-1.0.4.tgz#3eb5ed62622756d79a5f0e2a221dfebad75c2f7e"
  integrity sha512-vVqVZQyf3WLx2Shd0qJ9xuvqgAyKPLAiqITEtqW0oIUjzo3PePDd6fW9iFz30ef7Ysp/oiWqbhszeGWW2T6Gzw==

neo-async@^2.6.0:
  version "2.6.2"
  resolved "https://registry.yarnpkg.com/neo-async/-/neo-async-2.6.2.tgz#b4aafb93e3aeb2d8174ca53cf163ab7d7308305f"
  integrity sha512-Yd3UES5mWCSqR+qNT93S3UoYUkqAZ9lLg8a7g9rimsWmYGK8cVToA4/sF3RrshdyV3sAGMXVUmpMYOw+dLpOuw==

noms@0.0.0:
  version "0.0.0"
  resolved "https://registry.yarnpkg.com/noms/-/noms-0.0.0.tgz#da8ebd9f3af9d6760919b27d9cdc8092a7332859"
  integrity sha1-2o69nzr51nYJGbJ9nNyAkqczKFk=
  dependencies:
    inherits "^2.0.1"
    readable-stream "~1.0.31"

object-assign@^4.1.1:
  version "4.1.1"
  resolved "https://registry.yarnpkg.com/object-assign/-/object-assign-4.1.1.tgz#2109adc7965887cfc05cbbd442cac8bfbb360863"
  integrity sha1-IQmtx5ZYh8/AXLvUQsrIv7s2CGM=

once@^1.3.0:
  version "1.4.0"
  resolved "https://registry.yarnpkg.com/once/-/once-1.4.0.tgz#583b1aa775961d4b113ac17d9c50baef9dd76bd1"
  integrity sha1-WDsap3WWHUsROsF9nFC6753Xa9E=
  dependencies:
    wrappy "1"

parse-uri@^1.0.0:
  version "1.0.3"
  resolved "https://registry.yarnpkg.com/parse-uri/-/parse-uri-1.0.3.tgz#f3c24a74907a4e357c1741e96ca9faadecfd6db5"
  integrity sha512-upMnGxNcm+45So85HoguwZTVZI9u11i36DdxJfGF2HYWS2eh3TIx7+/tTi7qrEq15qzGkVhsKjesau+kCk48pA==

path-is-absolute@^1.0.0:
  version "1.0.1"
  resolved "https://registry.yarnpkg.com/path-is-absolute/-/path-is-absolute-1.0.1.tgz#174b9268735534ffbc7ace6bf53a5a9e1b5c5f5f"
  integrity sha1-F0uSaHNVNP+8es5r9TpanhtcX18=

pixi-particles@^4.3.0:
  version "4.3.1"
  resolved "https://registry.yarnpkg.com/pixi-particles/-/pixi-particles-4.3.1.tgz#8457b52f51d9ab9ef266cdcb86a762ec882113d8"
  integrity sha512-XSqDFgYwm/7FRCgP5I2Fc57d98qvb1ql/x4uTjdP4uXDUGgjdO8OW/2A0HVWS1CkOht/1x6dQzsM1oCJAUlaow==

pixi.js@5.3.4:
  version "5.3.4"
  resolved "https://registry.yarnpkg.com/pixi.js/-/pixi.js-5.3.4.tgz#ec36ce65d05919fa89a29f984aae249230c09e15"
  integrity sha512-CrAaQQRw+iTA75IEu57CEk6stFs587iWE3HwQG0rZL2ESW2uJvdsF/ieeS/hFk35QmlEsPRqmH1sf7t7FGtsyw==
  dependencies:
    "@pixi/accessibility" "5.3.4"
    "@pixi/app" "5.3.4"
    "@pixi/constants" "5.3.4"
    "@pixi/core" "5.3.4"
    "@pixi/display" "5.3.4"
    "@pixi/extract" "5.3.4"
    "@pixi/filter-alpha" "5.3.4"
    "@pixi/filter-blur" "5.3.4"
    "@pixi/filter-color-matrix" "5.3.4"
    "@pixi/filter-displacement" "5.3.4"
    "@pixi/filter-fxaa" "5.3.4"
    "@pixi/filter-noise" "5.3.4"
    "@pixi/graphics" "5.3.4"
    "@pixi/interaction" "5.3.4"
    "@pixi/loaders" "5.3.4"
    "@pixi/math" "5.3.4"
    "@pixi/mesh" "5.3.4"
    "@pixi/mesh-extras" "5.3.4"
    "@pixi/mixin-cache-as-bitmap" "5.3.4"
    "@pixi/mixin-get-child-by-name" "5.3.4"
    "@pixi/mixin-get-global-position" "5.3.4"
    "@pixi/particles" "5.3.4"
    "@pixi/polyfill" "5.3.4"
    "@pixi/prepare" "5.3.4"
    "@pixi/runner" "5.3.4"
    "@pixi/settings" "5.3.4"
    "@pixi/sprite" "5.3.4"
    "@pixi/sprite-animated" "5.3.4"
    "@pixi/sprite-tiling" "5.3.4"
    "@pixi/spritesheet" "5.3.4"
    "@pixi/text" "5.3.4"
    "@pixi/text-bitmap" "5.3.4"
    "@pixi/ticker" "5.3.4"
    "@pixi/utils" "5.3.4"

prettier@^2.2.1:
  version "2.3.2"
  resolved "https://registry.yarnpkg.com/prettier/-/prettier-2.3.2.tgz#ef280a05ec253712e486233db5c6f23441e7342d"
  integrity sha512-lnJzDfJ66zkMy58OL5/NY5zp70S7Nz6KqcKkXYzn2tMVrNxvbqaBpg7H3qHaLxCJ5lNMsGuM8+ohS7cZrthdLQ==

process-nextick-args@~2.0.0:
  version "2.0.1"
  resolved "https://registry.yarnpkg.com/process-nextick-args/-/process-nextick-args-2.0.1.tgz#7820d9b16120cc55ca9ae7792680ae7dba6d7fe2"
  integrity sha512-3ouUOpQhtgrbOa17J7+uxOTpITYWaGP7/AhoR3+A+/1e9skrzelGi/dXzEYyvbxubEF6Wn2ypscTKiKJFFn1ag==

punycode@1.3.2:
  version "1.3.2"
  resolved "https://registry.yarnpkg.com/punycode/-/punycode-1.3.2.tgz#9653a036fb7c1ee42342f2325cceefea3926c48d"
  integrity sha1-llOgNvt8HuQjQvIyXM7v6jkmxI0=

querystring@0.2.0:
  version "0.2.0"
  resolved "https://registry.yarnpkg.com/querystring/-/querystring-0.2.0.tgz#b209849203bb25df820da756e747005878521620"
  integrity sha1-sgmEkgO7Jd+CDadW50cAWHhSFiA=

react-dom@^17.0.2:
  version "17.0.2"
  resolved "https://registry.yarnpkg.com/react-dom/-/react-dom-17.0.2.tgz#ecffb6845e3ad8dbfcdc498f0d0a939736502c23"
  integrity sha512-s4h96KtLDUQlsENhMn1ar8t2bEa+q/YAtj8pPPdIjPDGBDIVNsrD9aXNWqspUe6AzKCIG0C1HZZLqLV7qpOBGA==
  dependencies:
    loose-envify "^1.1.0"
    object-assign "^4.1.1"
    scheduler "^0.20.2"

react@^17.0.2:
  version "17.0.2"
  resolved "https://registry.yarnpkg.com/react/-/react-17.0.2.tgz#d0b5cc516d29eb3eee383f75b62864cfb6800037"
  integrity sha512-gnhPt75i/dq/z3/6q/0asP78D0u592D5L1pd7M8P+dck6Fu/jJeL6iVVK23fptSUZj8Vjf++7wXA8UNclGQcbA==
  dependencies:
    loose-envify "^1.1.0"
    object-assign "^4.1.1"

readable-stream@~1.0.31:
  version "1.0.34"
  resolved "https://registry.yarnpkg.com/readable-stream/-/readable-stream-1.0.34.tgz#125820e34bc842d2f2aaafafe4c2916ee32c157c"
  integrity sha1-Elgg40vIQtLyqq+v5MKRbuMsFXw=
  dependencies:
    core-util-is "~1.0.0"
    inherits "~2.0.1"
    isarray "0.0.1"
    string_decoder "~0.10.x"

readable-stream@~2.3.6:
  version "2.3.7"
  resolved "https://registry.yarnpkg.com/readable-stream/-/readable-stream-2.3.7.tgz#1eca1cf711aef814c04f62252a36a62f6cb23b57"
  integrity sha512-Ebho8K4jIbHAxnuxi7o42OrZgF/ZTNcsZj6nRKyUmkhLFq8CHItp/fy6hQZuZmP/n3yZ9VBUbp4zz/mX8hmYPw==
  dependencies:
    core-util-is "~1.0.0"
    inherits "~2.0.3"
    isarray "~1.0.0"
    process-nextick-args "~2.0.0"
    safe-buffer "~5.1.1"
    string_decoder "~1.1.1"
    util-deprecate "~1.0.1"

require-directory@^2.1.1:
  version "2.1.1"
  resolved "https://registry.yarnpkg.com/require-directory/-/require-directory-2.1.1.tgz#8c64ad5fd30dab1c976e2344ffe7f792a6a6df42"
  integrity sha1-jGStX9MNqxyXbiNE/+f3kqam30I=

resource-loader@^3.0.1:
  version "3.0.1"
  resolved "https://registry.yarnpkg.com/resource-loader/-/resource-loader-3.0.1.tgz#33355bb5421e2994f59454bbc7f6dbff8df06d47"
  integrity sha512-fBuCRbEHdLCI1eglzQhUv9Rrdcmqkydr1r6uHE2cYHvRBrcLXeSmbE/qI/urFt8rPr/IGxir3BUwM5kUK8XoyA==
  dependencies:
    mini-signals "^1.2.0"
    parse-uri "^1.0.0"

safe-buffer@~5.1.0, safe-buffer@~5.1.1:
  version "5.1.2"
  resolved "https://registry.yarnpkg.com/safe-buffer/-/safe-buffer-5.1.2.tgz#991ec69d296e0313747d59bdfd2b745c35f8828d"
  integrity sha512-Gd2UZBJDkXlY7GbJxfsE8/nvKkUEU1G38c1siN6QP6a9PT9MmHB8GnpscSmMJSoF8LOIrt8ud/wPtojys4G6+g==

scheduler@^0.20.2:
  version "0.20.2"
  resolved "https://registry.yarnpkg.com/scheduler/-/scheduler-0.20.2.tgz#4baee39436e34aa93b4874bddcbf0fe8b8b50e91"
  integrity sha512-2eWfGgAqqWFGqtdMmcL5zCMK1U8KlXv8SQFGglL3CEtd0aDVDWgeF/YoCmvln55m5zSk3J/20hTaSBeSObsQDQ==
  dependencies:
    loose-envify "^1.1.0"
    object-assign "^4.1.1"

source-map@^0.6.1:
  version "0.6.1"
  resolved "https://registry.yarnpkg.com/source-map/-/source-map-0.6.1.tgz#74722af32e9614e9c287a8d0bbde48b5e2f1a263"
  integrity sha512-UjgapumWlbMhkBgzT7Ykc5YXUT46F0iKu8SGXq0bcwP5dz/h0Plj6enJqjz1Zbq2l5WaqYnrVbwWOWMyF3F47g==

string-width@^4.1.0, string-width@^4.2.0:
  version "4.2.2"
  resolved "https://registry.yarnpkg.com/string-width/-/string-width-4.2.2.tgz#dafd4f9559a7585cfba529c6a0a4f73488ebd4c5"
  integrity sha512-XBJbT3N4JhVumXE0eoLU9DCjcaF92KLNqTmFCnG1pf8duUxFGwtP6AD6nkjw9a3IdiRtL3E2w3JDiE/xi3vOeA==
  dependencies:
    emoji-regex "^8.0.0"
    is-fullwidth-code-point "^3.0.0"
    strip-ansi "^6.0.0"

string_decoder@~0.10.x:
  version "0.10.31"
  resolved "https://registry.yarnpkg.com/string_decoder/-/string_decoder-0.10.31.tgz#62e203bc41766c6c28c9fc84301dab1c5310fa94"
  integrity sha1-YuIDvEF2bGwoyfyEMB2rHFMQ+pQ=

string_decoder@~1.1.1:
  version "1.1.1"
  resolved "https://registry.yarnpkg.com/string_decoder/-/string_decoder-1.1.1.tgz#9cf1611ba62685d7030ae9e4ba34149c3af03fc8"
  integrity sha512-n/ShnvDi6FHbbVfviro+WojiFzv+s8MPMHBczVePfUpDJLwoLT0ht1l4YwBCbi8pJAveEEdnkHyPyTP/mzRfwg==
  dependencies:
    safe-buffer "~5.1.0"

strip-ansi@^6.0.0:
  version "6.0.0"
  resolved "https://registry.yarnpkg.com/strip-ansi/-/strip-ansi-6.0.0.tgz#0b1571dd7669ccd4f3e06e14ef1eed26225ae532"
  integrity sha512-AuvKTrTfQNYNIctbR1K/YGTR1756GycPsg7b9bdV9Duqur4gv6aKqHXah67Z8ImS7WEz5QVcOtlfW2rZEugt6w==
  dependencies:
    ansi-regex "^5.0.0"

through2@^2.0.1:
  version "2.0.5"
  resolved "https://registry.yarnpkg.com/through2/-/through2-2.0.5.tgz#01c1e39eb31d07cb7d03a96a70823260b23132cd"
  integrity sha512-/mrRod8xqpA+IHSLyGCQ2s8SPHiCDEeQJSep1jqLYeEUClOFG2Qsh+4FU6G9VeqpZnGW/Su8LQGc4YKni5rYSQ==
  dependencies:
    readable-stream "~2.3.6"
    xtend "~4.0.1"

tinymce@5.6.2:
  version "5.6.2"
  resolved "https://registry.yarnpkg.com/tinymce/-/tinymce-5.6.2.tgz#4c20c22e328c5d0baab204928dbc2b0ecbed18b4"
  integrity sha512-z7zvM5seOPiW86/vqf08kStwW5Zs5U9oQfuqh2rTj4jEcT2QzxT0v72i2zw3W6rbTLldkAej6edFZphj5ee5zg==

typescript@^4.1.4, typescript@^4.2.4:
  version "4.4.2"
  resolved "https://registry.yarnpkg.com/typescript/-/typescript-4.4.2.tgz#6d618640d430e3569a1dfb44f7d7e600ced3ee86"
  integrity sha512-gzP+t5W4hdy4c+68bfcv0t400HVJMMd2+H9B7gae1nQlBzCqvrXX+6GL/b3GAgyTH966pzrZ70/fRjwAtZksSQ==

uglify-js@^3.1.4:
  version "3.14.1"
  resolved "https://registry.yarnpkg.com/uglify-js/-/uglify-js-3.14.1.tgz#e2cb9fe34db9cb4cf7e35d1d26dfea28e09a7d06"
  integrity sha512-JhS3hmcVaXlp/xSo3PKY5R0JqKs5M3IV+exdLHW99qKvKivPO4Z8qbej6mte17SOPqAOVMjt/XGgWacnFSzM3g==

untildify@^4.0.0:
  version "4.0.0"
  resolved "https://registry.yarnpkg.com/untildify/-/untildify-4.0.0.tgz#2bc947b953652487e4600949fb091e3ae8cd919b"
  integrity sha512-KK8xQ1mkzZeg9inewmFVDNkg3l5LUhoq9kN6iWYB/CC9YMG8HA+c1Q8HwDe6dEX7kErrEVNVBO3fWsVq5iDgtw==

url@^0.11.0:
  version "0.11.0"
  resolved "https://registry.yarnpkg.com/url/-/url-0.11.0.tgz#3838e97cfc60521eb73c525a8e55bfdd9e2e28f1"
  integrity sha1-ODjpfPxgUh63PFJajlW/3Z4uKPE=
  dependencies:
    punycode "1.3.2"
    querystring "0.2.0"

util-deprecate@~1.0.1:
  version "1.0.2"
  resolved "https://registry.yarnpkg.com/util-deprecate/-/util-deprecate-1.0.2.tgz#450d4dc9fa70de732762fbd2d4a28981419a0ccf"
  integrity sha1-RQ1Nyfpw3nMnYvvS1KKJgUGaDM8=

wordwrap@^1.0.0:
  version "1.0.0"
  resolved "https://registry.yarnpkg.com/wordwrap/-/wordwrap-1.0.0.tgz#27584810891456a4171c8d0226441ade90cbcaeb"
  integrity sha1-J1hIEIkUVqQXHI0CJkQa3pDLyus=

wrap-ansi@^7.0.0:
  version "7.0.0"
  resolved "https://registry.yarnpkg.com/wrap-ansi/-/wrap-ansi-7.0.0.tgz#67e145cff510a6a6984bdf1152911d69d2eb9e43"
  integrity sha512-YVGIj2kamLSTxw6NsZjoBxfSwsn0ycdesmc4p+Q21c5zPuZ1pl+NfxVdxPtdHvmNVOQ6XSYG4AUtyt/Fi7D16Q==
  dependencies:
    ansi-styles "^4.0.0"
    string-width "^4.1.0"
    strip-ansi "^6.0.0"

wrappy@1:
  version "1.0.2"
  resolved "https://registry.yarnpkg.com/wrappy/-/wrappy-1.0.2.tgz#b5243d8f3ec1aa35f1364605bc0d1036e30ab69f"
  integrity sha1-tSQ9jz7BqjXxNkYFvA0QNuMKtp8=

xtend@~4.0.1:
  version "4.0.2"
  resolved "https://registry.yarnpkg.com/xtend/-/xtend-4.0.2.tgz#bb72779f5fa465186b1f438f674fa347fdb5db54"
  integrity sha512-LKYU1iAXJXUgAXn9URjiu+MWhyUXHsvfp7mcuYm9dSUKK0/CjtrUwFAxD82/mCWbtLsGjFIad0wIsod4zrTAEQ==

y18n@^5.0.5:
  version "5.0.8"
  resolved "https://registry.yarnpkg.com/y18n/-/y18n-5.0.8.tgz#7f4934d0f7ca8c56f95314939ddcd2dd91ce1d55"
  integrity sha512-0pfFzegeDWJHJIAmTLRP2DwHjdF5s7jo9tuztdQxAhINCdvS+3nGINqPd00AphqJR/0LhANUS6/+7SCb98YOfA==

yargs-parser@^20.2.2:
  version "20.2.9"
  resolved "https://registry.yarnpkg.com/yargs-parser/-/yargs-parser-20.2.9.tgz#2eb7dc3b0289718fc295f362753845c41a0c94ee"
  integrity sha512-y11nGElTIV+CT3Zv9t7VKl+Q3hTQoT9a1Qzezhhl6Rp21gJ/IVTW7Z3y9EWXhuUBC2Shnf+DX0antecpAwSP8w==

yargs@^16.1.0:
  version "16.2.0"
  resolved "https://registry.yarnpkg.com/yargs/-/yargs-16.2.0.tgz#1c82bf0f6b6a66eafce7ef30e376f49a12477f66"
  integrity sha512-D1mvvtDG0L5ft/jGWkLpG1+m0eQxOfaBvTNELraWj22wSVUMWxZUvYgJYcKh6jGGIkJFhH4IZPQhR4TKpc8mBw==
  dependencies:
    cliui "^7.0.2"
    escalade "^3.1.1"
    get-caller-file "^2.0.5"
    require-directory "^2.1.1"
    string-width "^4.2.0"
    y18n "^5.0.5"
    yargs-parser "^20.2.2"
